
Microsoft Visual Studio Solution File, Format Version 12.00
# Visual Studio Version 17
VisualStudioVersion = 17.0.31903.59
MinimumVisualStudioVersion = 10.0.40219.1
Project("{FAE04EC0-301F-11D3-BF4B-00C04F79EFBC}") = "Core", "Core\Core.csproj", "{499CEA8D-49F8-4BF5-B74B-B3A80E95CFD9}"
EndProject
Project("{FAE04EC0-301F-11D3-BF4B-00C04F79EFBC}") = "Tests", "Tests\Tests.csproj", "{7457082C-3445-4D10-8CAD-98674DA29E3D}"
EndProject
Project("{FAE04EC0-301F-11D3-BF4B-00C04F79EFBC}") = "App", "App\App.csproj", "{4539901A-97A2-49D5-B99E-CD3BB0A2E669}"
EndProject
Global
	GlobalSection(SolutionConfigurationPlatforms) = preSolution
		Debug|Any CPU = Debug|Any CPU
		Release|Any CPU = Release|Any CPU
	EndGlobalSection
	GlobalSection(SolutionProperties) = preSolution
		HideSolutionNode = FALSE
	EndGlobalSection
	GlobalSection(ProjectConfigurationPlatforms) = postSolution
		{499CEA8D-49F8-4BF5-B74B-B3A80E95CFD9}.Debug|Any CPU.ActiveCfg = Debug|Any CPU
		{499CEA8D-49F8-4BF5-B74B-B3A80E95CFD9}.Debug|Any CPU.Build.0 = Debug|Any CPU
		{499CEA8D-49F8-4BF5-B74B-B3A80E95CFD9}.Release|Any CPU.ActiveCfg = Release|Any CPU
		{499CEA8D-49F8-4BF5-B74B-B3A80E95CFD9}.Release|Any CPU.Build.0 = Release|Any CPU
		{7457082C-3445-4D10-8CAD-98674DA29E3D}.Debug|Any CPU.ActiveCfg = Debug|Any CPU
		{7457082C-3445-4D10-8CAD-98674DA29E3D}.Debug|Any CPU.Build.0 = Debug|Any CPU
		{7457082C-3445-4D10-8CAD-98674DA29E3D}.Release|Any CPU.ActiveCfg = Release|Any CPU
		{7457082C-3445-4D10-8CAD-98674DA29E3D}.Release|Any CPU.Build.0 = Release|Any CPU
		{4539901A-97A2-49D5-B99E-CD3BB0A2E669}.Debug|Any CPU.ActiveCfg = Debug|Any CPU
		{4539901A-97A2-49D5-B99E-CD3BB0A2E669}.Debug|Any CPU.Build.0 = Debug|Any CPU
		{4539901A-97A2-49D5-B99E-CD3BB0A2E669}.Release|Any CPU.ActiveCfg = Release|Any CPU
		{4539901A-97A2-49D5-B99E-CD3BB0A2E669}.Release|Any CPU.Build.0 = Release|Any CPU
	EndGlobalSection
EndGlobal
